// !$*UTF8*$!
{
	archiveVersion = 1;
	classes = {
	};
	objectVersion = 50;
	objects = {

/* Begin PBXBuildFile section */
		384DC87D25D118BF002D11A7 /* AppDelegate.swift in Sources */ = {isa = PBXBuildFile; fileRef = 384DC87C25D118BF002D11A7 /* AppDelegate.swift */; };
		384DC87F25D118BF002D11A7 /* SceneDelegate.swift in Sources */ = {isa = PBXBuildFile; fileRef = 384DC87E25D118BF002D11A7 /* SceneDelegate.swift */; };
		384DC88125D118BF002D11A7 /* ViewController.swift in Sources */ = {isa = PBXBuildFile; fileRef = 384DC88025D118BF002D11A7 /* ViewController.swift */; };
		384DC88425D118BF002D11A7 /* Main.storyboard in Resources */ = {isa = PBXBuildFile; fileRef = 384DC88225D118BF002D11A7 /* Main.storyboard */; };
		384DC88625D118C1002D11A7 /* Assets.xcassets in Resources */ = {isa = PBXBuildFile; fileRef = 384DC88525D118C1002D11A7 /* Assets.xcassets */; };
		384DC88925D118C1002D11A7 /* LaunchScreen.storyboard in Resources */ = {isa = PBXBuildFile; fileRef = 384DC88725D118C1002D11A7 /* LaunchScreen.storyboard */; };
		384DC89425D118C1002D11A7 /* First_appTests.swift in Sources */ = {isa = PBXBuildFile; fileRef = 384DC89325D118C1002D11A7 /* First_appTests.swift */; };
		384DC89F25D118C1002D11A7 /* First_appUITests.swift in Sources */ = {isa = PBXBuildFile; fileRef = 384DC89E25D118C1002D11A7 /* First_appUITests.swift */; };
/* End PBXBuildFile section */

/* Begin PBXContainerItemProxy section */
		384DC89025D118C1002D11A7 /* PBXContainerItemProxy */ = {
			isa = PBXContainerItemProxy;
			containerPortal = 384DC87125D118BF002D11A7 /* Project object */;
			proxyType = 1;
			remoteGlobalIDString = 384DC87825D118BF002D11A7;
			remoteInfo = "First app";
		};
		384DC89B25D118C1002D11A7 /* PBXContainerItemProxy */ = {
			isa = PBXContainerItemProxy;
			containerPortal = 384DC87125D118BF002D11A7 /* Project object */;
			proxyType = 1;
			remoteGlobalIDString = 384DC87825D118BF002D11A7;
			remoteInfo = "First app";
		};
/* End PBXContainerItemProxy section */

/* Begin PBXFileReference section */
		384DC87925D118BF002D11A7 /* First app.app */ = {isa = PBXFileReference; explicitFileType = wrapper.application; includeInIndex = 0; path = "First app.app"; sourceTree = BUILT_PRODUCTS_DIR; };
		384DC87C25D118BF002D11A7 /* AppDelegate.swift */ = {isa = PBXFileReference; lastKnownFileType = sourcecode.swift; path = AppDelegate.swift; sourceTree = "<group>"; };
		384DC87E25D118BF002D11A7 /* SceneDelegate.swift */ = {isa = PBXFileReference; lastKnownFileType = sourcecode.swift; path = SceneDelegate.swift; sourceTree = "<group>"; };
		384DC88025D118BF002D11A7 /* ViewController.swift */ = {isa = PBXFileReference; lastKnownFileType = sourcecode.swift; path = ViewController.swift; sourceTree = "<group>"; };
		384DC88325D118BF002D11A7 /* Base */ = {isa = PBXFileReference; lastKnownFileType = file.storyboard; name = Base; path = Base.lproj/Main.storyboard; sourceTree = "<group>"; };
		384DC88525D118C1002D11A7 /* Assets.xcassets */ = {isa = PBXFileReference; lastKnownFileType = folder.assetcatalog; path = Assets.xcassets; sourceTree = "<group>"; };
		384DC88825D118C1002D11A7 /* Base */ = {isa = PBXFileReference; lastKnownFileType = file.storyboard; name = Base; path = Base.lproj/LaunchScreen.storyboard; sourceTree = "<group>"; };
		384DC88A25D118C1002D11A7 /* Info.plist */ = {isa = PBXFileReference; lastKnownFileType = text.plist.xml; path = Info.plist; sourceTree = "<group>"; };
		384DC88F25D118C1002D11A7 /* First appTests.xctest */ = {isa = PBXFileReference; explicitFileType = wrapper.cfbundle; includeInIndex = 0; path = "First appTests.xctest"; sourceTree = BUILT_PRODUCTS_DIR; };
		384DC89325D118C1002D11A7 /* First_appTests.swift */ = {isa = PBXFileReference; lastKnownFileType = sourcecode.swift; path = First_appTests.swift; sourceTree = "<group>"; };
		384DC89525D118C1002D11A7 /* Info.plist */ = {isa = PBXFileReference; lastKnownFileType = text.plist.xml; path = Info.plist; sourceTree = "<group>"; };
		384DC89A25D118C1002D11A7 /* First appUITests.xctest */ = {isa = PBXFileReference; explicitFileType = wrapper.cfbundle; includeInIndex = 0; path = "First appUITests.xctest"; sourceTree = BUILT_PRODUCTS_DIR; };
		384DC89E25D118C1002D11A7 /* First_appUITests.swift */ = {isa = PBXFileReference; lastKnownFileType = sourcecode.swift; path = First_appUITests.swift; sourceTree = "<group>"; };
		384DC8A025D118C1002D11A7 /* Info.plist */ = {isa = PBXFileReference; lastKnownFileType = text.plist.xml; path = Info.plist; sourceTree = "<group>"; };
/* End PBXFileReference section */

/* Begin PBXFrameworksBuildPhase section */
		384DC87625D118BF002D11A7 /* Frameworks */ = {
			isa = PBXFrameworksBuildPhase;
			buildActionMask = 2147483647;
			files = (
			);
			runOnlyForDeploymentPostprocessing = 0;
		};
		384DC88C25D118C1002D11A7 /* Frameworks */ = {
			isa = PBXFrameworksBuildPhase;
			buildActionMask = 2147483647;
			files = (
			);
			runOnlyForDeploymentPostprocessing = 0;
		};
		384DC89725D118C1002D11A7 /* Frameworks */ = {
			isa = PBXFrameworksBuildPhase;
			buildActionMask = 2147483647;
			files = (
			);
			runOnlyForDeploymentPostprocessing = 0;
		};
/* End PBXFrameworksBuildPhase section */

/* Begin PBXGroup section */
		384DC87025D118BF002D11A7 = {
			isa = PBXGroup;
			children = (
				384DC87B25D118BF002D11A7 /* First app */,
				384DC89225D118C1002D11A7 /* First appTests */,
				384DC89D25D118C1002D11A7 /* First appUITests */,
				384DC87A25D118BF002D11A7 /* Products */,
			);
			sourceTree = "<group>";
		};
		384DC87A25D118BF002D11A7 /* Products */ = {
			isa = PBXGroup;
			children = (
				384DC87925D118BF002D11A7 /* First app.app */,
				384DC88F25D118C1002D11A7 /* First appTests.xctest */,
				384DC89A25D118C1002D11A7 /* First appUITests.xctest */,
			);
			name = Products;
			sourceTree = "<group>";
		};
		384DC87B25D118BF002D11A7 /* First app */ = {
			isa = PBXGroup;
			children = (
				384DC87C25D118BF002D11A7 /* AppDelegate.swift */,
				384DC87E25D118BF002D11A7 /* SceneDelegate.swift */,
				384DC88025D118BF002D11A7 /* ViewController.swift */,
				384DC88225D118BF002D11A7 /* Main.storyboard */,
				384DC88525D118C1002D11A7 /* Assets.xcassets */,
				384DC88725D118C1002D11A7 /* LaunchScreen.storyboard */,
				384DC88A25D118C1002D11A7 /* Info.plist */,
			);
			path = "First app";
			sourceTree = "<group>";
		};
		384DC89225D118C1002D11A7 /* First appTests */ = {
			isa = PBXGroup;
			children = (
				384DC89325D118C1002D11A7 /* First_appTests.swift */,
				384DC89525D118C1002D11A7 /* Info.plist */,
			);
			path = "First appTests";
			sourceTree = "<group>";
		};
		384DC89D25D118C1002D11A7 /* First appUITests */ = {
			isa = PBXGroup;
			children = (
				384DC89E25D118C1002D11A7 /* First_appUITests.swift */,
				384DC8A025D118C1002D11A7 /* Info.plist */,
			);
			path = "First appUITests";
			sourceTree = "<group>";
		};
/* End PBXGroup section */

/* Begin PBXNativeTarget section */
		384DC87825D118BF002D11A7 /* First app */ = {
			isa = PBXNativeTarget;
			buildConfigurationList = 384DC8A325D118C1002D11A7 /* Build configuration list for PBXNativeTarget "First app" */;
			buildPhases = (
				384DC87525D118BF002D11A7 /* Sources */,
				384DC87625D118BF002D11A7 /* Frameworks */,
				384DC87725D118BF002D11A7 /* Resources */,
			);
			buildRules = (
			);
			dependencies = (
			);
			name = "First app";
			productName = "First app";
			productReference = 384DC87925D118BF002D11A7 /* First app.app */;
			productType = "com.apple.product-type.application";
		};
		384DC88E25D118C1002D11A7 /* First appTests */ = {
			isa = PBXNativeTarget;
			buildConfigurationList = 384DC8A625D118C1002D11A7 /* Build configuration list for PBXNativeTarget "First appTests" */;
			buildPhases = (
				384DC88B25D118C1002D11A7 /* Sources */,
				384DC88C25D118C1002D11A7 /* Frameworks */,
				384DC88D25D118C1002D11A7 /* Resources */,
			);
			buildRules = (
			);
			dependencies = (
				384DC89125D118C1002D11A7 /* PBXTargetDependency */,
			);
			name = "First appTests";
			productName = "First appTests";
			productReference = 384DC88F25D118C1002D11A7 /* First appTests.xctest */;
			productType = "com.apple.product-type.bundle.unit-test";
		};
		384DC89925D118C1002D11A7 /* First appUITests */ = {
			isa = PBXNativeTarget;
			buildConfigurationList = 384DC8A925D118C1002D11A7 /* Build configuration list for PBXNativeTarget "First appUITests" */;
			buildPhases = (
				384DC89625D118C1002D11A7 /* Sources */,
				384DC89725D118C1002D11A7 /* Frameworks */,
				384DC89825D118C1002D11A7 /* Resources */,
			);
			buildRules = (
			);
			dependencies = (
				384DC89C25D118C1002D11A7 /* PBXTargetDependency */,
			);
			name = "First appUITests";
			productName = "First appUITests";
			productReference = 384DC89A25D118C1002D11A7 /* First appUITests.xctest */;
			productType = "com.apple.product-type.bundle.ui-testing";
		};
/* End PBXNativeTarget section */

/* Begin PBXProject section */
		384DC87125D118BF002D11A7 /* Project object */ = {
			isa = PBXProject;
			attributes = {
				LastSwiftUpdateCheck = 1240;
				LastUpgradeCheck = 1240;
				TargetAttributes = {
					384DC87825D118BF002D11A7 = {
						CreatedOnToolsVersion = 12.4;
					};
					384DC88E25D118C1002D11A7 = {
						CreatedOnToolsVersion = 12.4;
						TestTargetID = 384DC87825D118BF002D11A7;
					};
					384DC89925D118C1002D11A7 = {
						CreatedOnToolsVersion = 12.4;
						TestTargetID = 384DC87825D118BF002D11A7;
					};
				};
			};
			buildConfigurationList = 384DC87425D118BF002D11A7 /* Build configuration list for PBXProject "First app" */;
			compatibilityVersion = "Xcode 9.3";
			developmentRegion = en;
			hasScannedForEncodings = 0;
			knownRegions = (
				en,
				Base,
			);
			mainGroup = 384DC87025D118BF002D11A7;
			productRefGroup = 384DC87A25D118BF002D11A7 /* Products */;
			projectDirPath = "";
			projectRoot = "";
			targets = (
				384DC87825D118BF002D11A7 /* First app */,
				384DC88E25D118C1002D11A7 /* First appTests */,
				384DC89925D118C1002D11A7 /* First appUITests */,
			);
		};
/* End PBXProject section */

/* Begin PBXResourcesBuildPhase section */
		384DC87725D118BF002D11A7 /* Resources */ = {
			isa = PBXResourcesBuildPhase;
			buildActionMask = 2147483647;
			files = (
				384DC88925D118C1002D11A7 /* LaunchScreen.storyboard in Resources */,
				384DC88625D118C1002D11A7 /* Assets.xcassets in Resources */,
				384DC88425D118BF002D11A7 /* Main.storyboard in Resources */,
			);
			runOnlyForDeploymentPostprocessing = 0;
		};
		384DC88D25D118C1002D11A7 /* Resources */ = {
			isa = PBXResourcesBuildPhase;
			buildActionMask = 2147483647;
			files = (
			);
			runOnlyForDeploymentPostprocessing = 0;
		};
		384DC89825D118C1002D11A7 /* Resources */ = {
			isa = PBXResourcesBuildPhase;
			buildActionMask = 2147483647;
			files = (
			);
			runOnlyForDeploymentPostprocessing = 0;
		};
/* End PBXResourcesBuildPhase section */

/* Begin PBXSourcesBuildPhase section */
		384DC87525D118BF002D11A7 /* Sources */ = {
			isa = PBXSourcesBuildPhase;
			buildActionMask = 2147483647;
			files = (
				384DC88125D118BF002D11A7 /* ViewController.swift in Sources */,
				384DC87D25D118BF002D11A7 /* AppDelegate.swift in Sources */,
				384DC87F25D118BF002D11A7 /* SceneDelegate.swift in Sources */,
			);
			runOnlyForDeploymentPostprocessing = 0;
		};
		384DC88B25D118C1002D11A7 /* Sources */ = {
			isa = PBXSourcesBuildPhase;
			buildActionMask = 2147483647;
			files = (
				384DC89425D118C1002D11A7 /* First_appTests.swift in Sources */,
			);
			runOnlyForDeploymentPostprocessing = 0;
		};
		384DC89625D118C1002D11A7 /* Sources */ = {
			isa = PBXSourcesBuildPhase;
			buildActionMask = 2147483647;
			files = (
				384DC89F25D118C1002D11A7 /* First_appUITests.swift in Sources */,
			);
			runOnlyForDeploymentPostprocessing = 0;
		};
/* End PBXSourcesBuildPhase section */

/* Begin PBXTargetDependency section */
		384DC89125D118C1002D11A7 /* PBXTargetDependency */ = {
			isa = PBXTargetDependency;
			target = 384DC87825D118BF002D11A7 /* First app */;
			targetProxy = 384DC89025D118C1002D11A7 /* PBXContainerItemProxy */;
		};
		384DC89C25D118C1002D11A7 /* PBXTargetDependency */ = {
			isa = PBXTargetDependency;
			target = 384DC87825D118BF002D11A7 /* First app */;
			targetProxy = 384DC89B25D118C1002D11A7 /* PBXContainerItemProxy */;
		};
/* End PBXTargetDependency section */

/* Begin PBXVariantGroup section */
		384DC88225D118BF002D11A7 /* Main.storyboard */ = {
			isa = PBXVariantGroup;
			children = (
				384DC88325D118BF002D11A7 /* Base */,
			);
			name = Main.storyboard;
			sourceTree = "<group>";
		};
		384DC88725D118C1002D11A7 /* LaunchScreen.storyboard */ = {
			isa = PBXVariantGroup;
			children = (
				384DC88825D118C1002D11A7 /* Base */,
			);
			name = LaunchScreen.storyboard;
			sourceTree = "<group>";
		};
/* End PBXVariantGroup section */

/* Begin XCBuildConfiguration section */
		384DC8A125D118C1002D11A7 /* Debug */ = {
			isa = XCBuildConfiguration;
			buildSettings = {
				ALWAYS_SEARCH_USER_PATHS = NO;
				CLANG_ANALYZER_NONNULL = YES;
				CLANG_ANALYZER_NUMBER_OBJECT_CONVERSION = YES_AGGRESSIVE;
				CLANG_CXX_LANGUAGE_STANDARD = "gnu++14";
				CLANG_CXX_LIBRARY = "libc++";
				CLANG_ENABLE_MODULES = YES;
				CLANG_ENABLE_OBJC_ARC = YES;
				CLANG_ENABLE_OBJC_WEAK = YES;
				CLANG_WARN_BLOCK_CAPTURE_AUTORELEASING = YES;
				CLANG_WARN_BOOL_CONVERSION = YES;
				CLANG_WARN_COMMA = YES;
				CLANG_WARN_CONSTANT_CONVERSION = YES;
				CLANG_WARN_DEPRECATED_OBJC_IMPLEMENTATIONS = YES;
				CLANG_WARN_DIRECT_OBJC_ISA_USAGE = YES_ERROR;
				CLANG_WARN_DOCUMENTATION_COMMENTS = YES;
				CLANG_WARN_EMPTY_BODY = YES;
				CLANG_WARN_ENUM_CONVERSION = YES;
				CLANG_WARN_INFINITE_RECURSION = YES;
				CLANG_WARN_INT_CONVERSION = YES;
				CLANG_WARN_NON_LITERAL_NULL_CONVERSION = YES;
				CLANG_WARN_OBJC_IMPLICIT_RETAIN_SELF = YES;
				CLANG_WARN_OBJC_LITERAL_CONVERSION = YES;
				CLANG_WARN_OBJC_ROOT_CLASS = YES_ERROR;
				CLANG_WARN_QUOTED_INCLUDE_IN_FRAMEWORK_HEADER = YES;
				CLANG_WARN_RANGE_LOOP_ANALYSIS = YES;
				CLANG_WARN_STRICT_PROTOTYPES = YES;
				CLANG_WARN_SUSPICIOUS_MOVE = YES;
				CLANG_WARN_UNGUARDED_AVAILABILITY = YES_AGGRESSIVE;
				CLANG_WARN_UNREACHABLE_CODE = YES;
				CLANG_WARN__DUPLICATE_METHOD_MATCH = YES;
				COPY_PHASE_STRIP = NO;
				DEBUG_INFORMATION_FORMAT = dwarf;
				ENABLE_STRICT_OBJC_MSGSEND = YES;
				ENABLE_TESTABILITY = YES;
				GCC_C_LANGUAGE_STANDARD = gnu11;
				GCC_DYNAMIC_NO_PIC = NO;
				GCC_NO_COMMON_BLOCKS = YES;
				GCC_OPTIMIZATION_LEVEL = 0;
				GCC_PREPROCESSOR_DEFINITIONS = (
					"DEBUG=1",
					"$(inherited)",
				);
				GCC_WARN_64_TO_32_BIT_CONVERSION = YES;
				GCC_WARN_ABOUT_RETURN_TYPE = YES_ERROR;
				GCC_WARN_UNDECLARED_SELECTOR = YES;
				GCC_WARN_UNINITIALIZED_AUTOS = YES_AGGRESSIVE;
				GCC_WARN_UNUSED_FUNCTION = YES;
				GCC_WARN_UNUSED_VARIABLE = YES;
				IPHONEOS_DEPLOYMENT_TARGET = 14.4;
				MTL_ENABLE_DEBUG_INFO = INCLUDE_SOURCE;
				MTL_FAST_MATH = YES;
				ONLY_ACTIVE_ARCH = YES;
				SDKROOT = iphoneos;
				SWIFT_ACTIVE_COMPILATION_CONDITIONS = DEBUG;
				SWIFT_OPTIMIZATION_LEVEL = "-Onone";
			};
			name = Debug;
		};
		384DC8A225D118C1002D11A7 /* Release */ = {
			isa = XCBuildConfiguration;
			buildSettings = {
				ALWAYS_SEARCH_USER_PATHS = NO;
				CLANG_ANALYZER_NONNULL = YES;
				CLANG_ANALYZER_NUMBER_OBJECT_CONVERSION = YES_AGGRESSIVE;
				CLANG_CXX_LANGUAGE_STANDARD = "gnu++14";
				CLANG_CXX_LIBRARY = "libc++";
				CLANG_ENABLE_MODULES = YES;
				CLANG_ENABLE_OBJC_ARC = YES;
				CLANG_ENABLE_OBJC_WEAK = YES;
				CLANG_WARN_BLOCK_CAPTURE_AUTORELEASING = YES;
				CLANG_WARN_BOOL_CONVERSION = YES;
				CLANG_WARN_COMMA = YES;
				CLANG_WARN_CONSTANT_CONVERSION = YES;
				CLANG_WARN_DEPRECATED_OBJC_IMPLEMENTATIONS = YES;
				CLANG_WARN_DIRECT_OBJC_ISA_USAGE = YES_ERROR;
				CLANG_WARN_DOCUMENTATION_COMMENTS = YES;
				CLANG_WARN_EMPTY_BODY = YES;
				CLANG_WARN_ENUM_CONVERSION = YES;
				CLANG_WARN_INFINITE_RECURSION = YES;
				CLANG_WARN_INT_CONVERSION = YES;
				CLANG_WARN_NON_LITERAL_NULL_CONVERSION = YES;
				CLANG_WARN_OBJC_IMPLICIT_RETAIN_SELF = YES;
				CLANG_WARN_OBJC_LITERAL_CONVERSION = YES;
				CLANG_WARN_OBJC_ROOT_CLASS = YES_ERROR;
				CLANG_WARN_QUOTED_INCLUDE_IN_FRAMEWORK_HEADER = YES;
				CLANG_WARN_RANGE_LOOP_ANALYSIS = YES;
				CLANG_WARN_STRICT_PROTOTYPES = YES;
				CLANG_WARN_SUSPICIOUS_MOVE = YES;
				CLANG_WARN_UNGUARDED_AVAILABILITY = YES_AGGRESSIVE;
				CLANG_WARN_UNREACHABLE_CODE = YES;
				CLANG_WARN__DUPLICATE_METHOD_MATCH = YES;
				COPY_PHASE_STRIP = NO;
				DEBUG_INFORMATION_FORMAT = "dwarf-with-dsym";
				ENABLE_NS_ASSERTIONS = NO;
				ENABLE_STRICT_OBJC_MSGSEND = YES;
				GCC_C_LANGUAGE_STANDARD = gnu11;
				GCC_NO_COMMON_BLOCKS = YES;
				GCC_WARN_64_TO_32_BIT_CONVERSION = YES;
				GCC_WARN_ABOUT_RETURN_TYPE = YES_ERROR;
				GCC_WARN_UNDECLARED_SELECTOR = YES;
				GCC_WARN_UNINITIALIZED_AUTOS = YES_AGGRESSIVE;
				GCC_WARN_UNUSED_FUNCTION = YES;
				GCC_WARN_UNUSED_VARIABLE = YES;
				IPHONEOS_DEPLOYMENT_TARGET = 14.4;
				MTL_ENABLE_DEBUG_INFO = NO;
				MTL_FAST_MATH = YES;
				SDKROOT = iphoneos;
				SWIFT_COMPILATION_MODE = wholemodule;
				SWIFT_OPTIMIZATION_LEVEL = "-O";
				VALIDATE_PRODUCT = YES;
			};
			name = Release;
		};
		384DC8A425D118C1002D11A7 /* Debug */ = {
			isa = XCBuildConfiguration;
			buildSettings = {
				ASSETCATALOG_COMPILER_APPICON_NAME = AppIcon;
				ASSETCATALOG_COMPILER_GLOBAL_ACCENT_COLOR_NAME = AccentColor;
				CODE_SIGN_STYLE = Automatic;
				DEVELOPMENT_TEAM = 55NZHJQKWC;
				INFOPLIST_FILE = "First app/Info.plist";
				LD_RUNPATH_SEARCH_PATHS = (
					"$(inherited)",
					"@executable_path/Frameworks",
				);
				PRODUCT_BUNDLE_IDENTIFIER = "myapp.com.First-app";
				PRODUCT_NAME = "$(TARGET_NAME)";
				SWIFT_VERSION = 5.0;
				TARGETED_DEVICE_FAMILY = "1,2";
			};
			name = Debug;
		};
		384DC8A525D118C1002D11A7 /* Release */ = {
			isa = XCBuildConfiguration;
			buildSettings = {
				ASSETCATALOG_COMPILER_APPICON_NAME = AppIcon;
				ASSETCATALOG_COMPILER_GLOBAL_ACCENT_COLOR_NAME = AccentColor;
				CODE_SIGN_STYLE = Automatic;
				DEVELOPMENT_TEAM = 55NZHJQKWC;
				INFOPLIST_FILE = "First app/Info.plist";
				LD_RUNPATH_SEARCH_PATHS = (
					"$(inherited)",
					"@executable_path/Frameworks",
				);
				PRODUCT_BUNDLE_IDENTIFIER = "myapp.com.First-app";
				PRODUCT_NAME = "$(TARGET_NAME)";
				SWIFT_VERSION = 5.0;
				TARGETED_DEVICE_FAMILY = "1,2";
			};
			name = Release;
		};
		384DC8A725D118C1002D11A7 /* Debug */ = {
			isa = XCBuildConfiguration;
			buildSettings = {
				ALWAYS_EMBED_SWIFT_STANDARD_LIBRARIES = YES;
				BUNDLE_LOADER = "$(TEST_HOST)";
				CODE_SIGN_STYLE = Automatic;
				DEVELOPMENT_TEAM = 55NZHJQKWC;
				INFOPLIST_FILE = "First appTests/Info.plist";
				IPHONEOS_DEPLOYMENT_TARGET = 14.4;
				LD_RUNPATH_SEARCH_PATHS = (
					"$(inherited)",
					"@executable_path/Frameworks",
					"@loader_path/Frameworks",
				);
				PRODUCT_BUNDLE_IDENTIFIER = "myapp.com.First-appTests";
				PRODUCT_NAME = "$(TARGET_NAME)";
				SWIFT_VERSION = 5.0;
				TARGETED_DEVICE_FAMILY = "1,2";
				TEST_HOST = "$(BUILT_PRODUCTS_DIR)/First app.app/First app";
			};
			name = Debug;
		};
		384DC8A825D118C1002D11A7 /* Release */ = {
			isa = XCBuildConfiguration;
			buildSettings = {
				ALWAYS_EMBED_SWIFT_STANDARD_LIBRARIES = YES;
				BUNDLE_LOADER = "$(TEST_HOST)";
				CODE_SIGN_STYLE = Automatic;
				DEVELOPMENT_TEAM = 55NZHJQKWC;
				INFOPLIST_FILE = "First appTests/Info.plist";
				IPHONEOS_DEPLOYMENT_TARGET = 14.4;
				LD_RUNPATH_SEARCH_PATHS = (
					"$(inherited)",
					"@executable_path/Frameworks",
					"@loader_path/Frameworks",
				);
				PRODUCT_BUNDLE_IDENTIFIER = "myapp.com.First-appTests";
				PRODUCT_NAME = "$(TARGET_NAME)";
				SWIFT_VERSION = 5.0;
				TARGETED_DEVICE_FAMILY = "1,2";
				TEST_HOST = "$(BUILT_PRODUCTS_DIR)/First app.app/First app";
			};
			name = Release;
		};
		384DC8AA25D118C1002D11A7 /* Debug */ = {
			isa = XCBuildConfiguration;
			buildSettings = {
				ALWAYS_EMBED_SWIFT_STANDARD_LIBRARIES = YES;
				CODE_SIGN_STYLE = Automatic;
				DEVELOPMENT_TEAM = 55NZHJQKWC;
				INFOPLIST_FILE = "First appUITests/Info.plist";
				LD_RUNPATH_SEARCH_PATHS = (
					"$(inherited)",
					"@executable_path/Frameworks",
					"@loader_path/Frameworks",
				);
				PRODUCT_BUNDLE_IDENTIFIER = "myapp.com.First-appUITests";
				PRODUCT_NAME = "$(TARGET_NAME)";
				SWIFT_VERSION = 5.0;
				TARGETED_DEVICE_FAMILY = "1,2";
				TEST_TARGET_NAME = "First app";
			};
			name = Debug;
		};
		384DC8AB25D118C1002D11A7 /* Release */ = {
			isa = XCBuildConfiguration;
			buildSettings = {
				ALWAYS_EMBED_SWIFT_STANDARD_LIBRARIES = YES;
				CODE_SIGN_STYLE = Automatic;
				DEVELOPMENT_TEAM = 55NZHJQKWC;
				INFOPLIST_FILE = "First appUITests/Info.plist";
				LD_RUNPATH_SEARCH_PATHS = (
					"$(inherited)",
					"@executable_path/Frameworks",
					"@loader_path/Frameworks",
				);
				PRODUCT_BUNDLE_IDENTIFIER = "myapp.com.First-appUITests";
				PRODUCT_NAME = "$(TARGET_NAME)";
				SWIFT_VERSION = 5.0;
				TARGETED_DEVICE_FAMILY = "1,2";
				TEST_TARGET_NAME = "First app";
			};
			name = Release;
		};
/* End XCBuildConfiguration section */

/* Begin XCConfigurationList section */
		384DC87425D118BF002D11A7 /* Build configuration list for PBXProject "First app" */ = {
			isa = XCConfigurationList;
			buildConfigurations = (
				384DC8A125D118C1002D11A7 /* Debug */,
				384DC8A225D118C1002D11A7 /* Release */,
			);
			defaultConfigurationIsVisible = 0;
			defaultConfigurationName = Release;
		};
		384DC8A325D118C1002D11A7 /* Build configuration list for PBXNativeTarget "First app" */ = {
			isa = XCConfigurationList;
			buildConfigurations = (
				384DC8A425D118C1002D11A7 /* Debug */,
				384DC8A525D118C1002D11A7 /* Release */,
			);
			defaultConfigurationIsVisible = 0;
			defaultConfigurationName = Release;
		};
		384DC8A625D118C1002D11A7 /* Build configuration list for PBXNativeTarget "First appTests" */ = {
			isa = XCConfigurationList;
			buildConfigurations = (
				384DC8A725D118C1002D11A7 /* Debug */,
				384DC8A825D118C1002D11A7 /* Release */,
			);
			defaultConfigurationIsVisible = 0;
			defaultConfigurationName = Release;
		};
		384DC8A925D118C1002D11A7 /* Build configuration list for PBXNativeTarget "First appUITests" */ = {
			isa = XCConfigurationList;
			buildConfigurations = (
				384DC8AA25D118C1002D11A7 /* Debug */,
				384DC8AB25D118C1002D11A7 /* Release */,
			);
			defaultConfigurationIsVisible = 0;
			defaultConfigurationName = Release;
		};
/* End XCConfigurationList section */
	};
	rootObject = 384DC87125D118BF002D11A7 /* Project object */;
}
